<?xml version="1.0" encoding="utf-8"?>
<Project ToolsVersion="4.0" xmlns="http://schemas.microsoft.com/developer/msbuild/2003">
  <ItemGroup>
    <Filter Include="소스 파일">
      <UniqueIdentifier>{4FC737F1-C7A5-4376-A066-2A32D752A2FF}</UniqueIdentifier>
      <Extensions>cpp;c;cc;cxx;def;odl;idl;hpj;bat;asm;asmx</Extensions>
    </Filter>
    <Filter Include="헤더 파일">
      <UniqueIdentifier>{93995380-89BD-4b04-88EB-625FBE52EBFB}</UniqueIdentifier>
      <Extensions>h;hh;hpp;hxx;hm;inl;inc;ipp;xsd</Extensions>
    </Filter>
    <Filter Include="Type">
      <UniqueIdentifier>{67DA6AB6-F800-4c08-8B7A-83BB121AAD01}</UniqueIdentifier>
      <Extensions>rc;ico;cur;bmp;dlg;rc2;rct;bin;rgs;gif;jpg;jpeg;jpe;resx;tiff;tif;png;wav;mfcribbon-ms</Extensions>
    </Filter>
    <Filter Include="List">
      <UniqueIdentifier>{cd71967d-00be-4dad-9bbf-4ae1f7418035}</UniqueIdentifier>
    </Filter>
    <Filter Include="App">
      <UniqueIdentifier>{7e7982ab-4ba4-438c-b15c-48d645277f55}</UniqueIdentifier>
    </Filter>
  </ItemGroup>
  <ItemGroup>
    <ClCompile Include="main.cpp">
      <Filter>소스 파일</Filter>
    </ClCompile>
    <ClCompile Include="pch.cpp">
      <Filter>소스 파일</Filter>
    </ClCompile>
    <ClCompile Include="CSortedList.cpp">
      <Filter>List</Filter>
    </ClCompile>
    <ClCompile Include="CContent.cpp">
      <Filter>Type</Filter>
    </ClCompile>
    <ClCompile Include="CApplication.cpp">
      <Filter>App</Filter>
    </ClCompile>
    <ClCompile Include="CEvent.cpp">
      <Filter>Type</Filter>
    </ClCompile>
    <ClCompile Include="CUnsortedList.cpp">
      <Filter>List</Filter>
    </ClCompile>
    <ClCompile Include="CPerson.cpp">
      <Filter>Type</Filter>
    </ClCompile>
    <ClCompile Include="CLocation.cpp">
      <Filter>Type</Filter>
    </ClCompile>
    <ClCompile Include="CLinkedList.cpp">
      <Filter>List</Filter>
    </ClCompile>
    <ClCompile Include="CDoublyIterator.cpp">
      <Filter>List</Filter>
    </ClCompile>
    <ClCompile Include="CGroup.cpp">
      <Filter>Type</Filter>
    </ClCompile>
    <ClCompile Include="CGroupApplication.cpp">
      <Filter>App</Filter>
    </ClCompile>
  </ItemGroup>
  <ItemGroup>
    <ClInclude Include="CSortedList.h">
      <Filter>List</Filter>
    </ClInclude>
    <ClInclude Include="pch.h">
      <Filter>소스 파일</Filter>
    </ClInclude>
    <ClInclude Include="CContent.h">
      <Filter>Type</Filter>
    </ClInclude>
    <ClInclude Include="CApplication.h">
      <Filter>App</Filter>
    </ClInclude>
    <ClInclude Include="CEvent.h">
      <Filter>Type</Filter>
    </ClInclude>
    <ClInclude Include="CUnsortedList.h">
      <Filter>List</Filter>
    </ClInclude>
    <ClInclude Include="CPerson.h">
      <Filter>Type</Filter>
    </ClInclude>
    <ClInclude Include="CLocation.h">
      <Filter>Type</Filter>
    </ClInclude>
    <ClInclude Include="CDoublyIterator.h">
      <Filter>List</Filter>
    </ClInclude>
    <ClInclude Include="CLinkedList.h">
      <Filter>List</Filter>
    </ClInclude>
    <ClInclude Include="CGroup.h">
      <Filter>Type</Filter>
    </ClInclude>
    <ClInclude Include="CGroupApplication.h">
      <Filter>App</Filter>
    </ClInclude>
  </ItemGroup>
</Project>